// !$*UTF8*$!
{
	archiveVersion = 1;
	classes = {
	};
	objectVersion = 50;
	objects = {

/* Begin PBXBuildFile section */
		3CA934AD2325AAD60054C8B3 /* yellow.mp3 in Resources */ = {isa = PBXBuildFile; fileRef = 3CA934AC2325AAD60054C8B3 /* yellow.mp3 */; };
		3CA934AF2325AAE20054C8B3 /* white.mp3 in Resources */ = {isa = PBXBuildFile; fileRef = 3CA934AE2325AAE20054C8B3 /* white.mp3 */; };
		3CA934B12325AAEA0054C8B3 /* red.mp3 in Resources */ = {isa = PBXBuildFile; fileRef = 3CA934B02325AAEA0054C8B3 /* red.mp3 */; };
		3CA934B32325AAF60054C8B3 /* purple.mp3 in Resources */ = {isa = PBXBuildFile; fileRef = 3CA934B22325AAF60054C8B3 /* purple.mp3 */; };
		3CA934B72325AB200054C8B3 /* pink.mp3 in Resources */ = {isa = PBXBuildFile; fileRef = 3CA934B62325AB200054C8B3 /* pink.mp3 */; };
		3CA934B92325AB280054C8B3 /* orange.mp3 in Resources */ = {isa = PBXBuildFile; fileRef = 3CA934B82325AB280054C8B3 /* orange.mp3 */; };
		3CA934BB2325AB360054C8B3 /* green.mp3 in Resources */ = {isa = PBXBuildFile; fileRef = 3CA934BA2325AB360054C8B3 /* green.mp3 */; };
		3CA934BD2325AB3C0054C8B3 /* colors.mp3 in Resources */ = {isa = PBXBuildFile; fileRef = 3CA934BC2325AB3C0054C8B3 /* colors.mp3 */; };
		3CA934BF2325AB470054C8B3 /* blue.mp3 in Resources */ = {isa = PBXBuildFile; fileRef = 3CA934BE2325AB460054C8B3 /* blue.mp3 */; };
		3CA934C12325AB4E0054C8B3 /* black.mp3 in Resources */ = {isa = PBXBuildFile; fileRef = 3CA934C02325AB4E0054C8B3 /* black.mp3 */; };
		3CA934C32325AD600054C8B3 /* Poetsen One - Regular.ttf in Resources */ = {isa = PBXBuildFile; fileRef = 3CA934C22325AD5F0054C8B3 /* Poetsen One - Regular.ttf */; };
		3CA934C52325AD6A0054C8B3 /* Source Serif Pro - Regular.otf in Resources */ = {isa = PBXBuildFile; fileRef = 3CA934C42325AD6A0054C8B3 /* Source Serif Pro - Regular.otf */; };
		3DCF5D862315C44D00B55EE8 /* AppDelegate.swift in Sources */ = {isa = PBXBuildFile; fileRef = 3DCF5D852315C44D00B55EE8 /* AppDelegate.swift */; };
		3DCF5D882315C44D00B55EE8 /* ViewController.swift in Sources */ = {isa = PBXBuildFile; fileRef = 3DCF5D872315C44D00B55EE8 /* ViewController.swift */; };
		3DCF5D8B2315C44D00B55EE8 /* Main.storyboard in Resources */ = {isa = PBXBuildFile; fileRef = 3DCF5D892315C44D00B55EE8 /* Main.storyboard */; };
		3DCF5D8D2315C44F00B55EE8 /* Assets.xcassets in Resources */ = {isa = PBXBuildFile; fileRef = 3DCF5D8C2315C44F00B55EE8 /* Assets.xcassets */; };
		3DCF5D902315C44F00B55EE8 /* LaunchScreen.storyboard in Resources */ = {isa = PBXBuildFile; fileRef = 3DCF5D8E2315C44F00B55EE8 /* LaunchScreen.storyboard */; };
		3DCF5D9B2315C45000B55EE8 /* ProyectoInglesTests.swift in Sources */ = {isa = PBXBuildFile; fileRef = 3DCF5D9A2315C45000B55EE8 /* ProyectoInglesTests.swift */; };
		3DCF5DA62315C45000B55EE8 /* ProyectoInglesUITests.swift in Sources */ = {isa = PBXBuildFile; fileRef = 3DCF5DA52315C45000B55EE8 /* ProyectoInglesUITests.swift */; };
		3DD5E4532324288500CA8DD6 /* ViewControlleraColorcitos.swift in Sources */ = {isa = PBXBuildFile; fileRef = 3DD5E4522324288500CA8DD6 /* ViewControlleraColorcitos.swift */; };
		41286D39232463E9000B8C52 /* bear.mp3 in Resources */ = {isa = PBXBuildFile; fileRef = 41286D38232463E9000B8C52 /* bear.mp3 */; };
		41286D3B232463EE000B8C52 /* cat.mp3 in Resources */ = {isa = PBXBuildFile; fileRef = 41286D3A232463EE000B8C52 /* cat.mp3 */; };
		41286D3D232463F3000B8C52 /* dog.mp3 in Resources */ = {isa = PBXBuildFile; fileRef = 41286D3C232463F3000B8C52 /* dog.mp3 */; };
		41286D3F232463F8000B8C52 /* fox.mp3 in Resources */ = {isa = PBXBuildFile; fileRef = 41286D3E232463F8000B8C52 /* fox.mp3 */; };
		41286D41232463FC000B8C52 /* monkey.mp3 in Resources */ = {isa = PBXBuildFile; fileRef = 41286D40232463FC000B8C52 /* monkey.mp3 */; };
		41286D4323246400000B8C52 /* otter.mp3 in Resources */ = {isa = PBXBuildFile; fileRef = 41286D4223246400000B8C52 /* otter.mp3 */; };
		41286D4523246406000B8C52 /* squirrel.mp3 in Resources */ = {isa = PBXBuildFile; fileRef = 41286D4423246406000B8C52 /* squirrel.mp3 */; };
		41286D472324640B000B8C52 /* tiger.mp3 in Resources */ = {isa = PBXBuildFile; fileRef = 41286D462324640A000B8C52 /* tiger.mp3 */; };
		41286D492324640F000B8C52 /* wolf.mp3 in Resources */ = {isa = PBXBuildFile; fileRef = 41286D482324640F000B8C52 /* wolf.mp3 */; };
		41286D4B23246FA8000B8C52 /* Poetsen One - Regular.ttf in Resources */ = {isa = PBXBuildFile; fileRef = 41286D4A23246FA8000B8C52 /* Poetsen One - Regular.ttf */; };
		459EB21823263BC600D65270 /* InstrumentosController.swift in Sources */ = {isa = PBXBuildFile; fileRef = 459EB21723263BC600D65270 /* InstrumentosController.swift */; };
		459EB21A23263D7100D65270 /* TransportesController.swift in Sources */ = {isa = PBXBuildFile; fileRef = 459EB21923263D7100D65270 /* TransportesController.swift */; };
		459EB23623264CD700D65270 /* helicopter.mp3 in Resources */ = {isa = PBXBuildFile; fileRef = 459EB22D23264CC800D65270 /* helicopter.mp3 */; };
		459EB23723264CD700D65270 /* bus.mp3 in Resources */ = {isa = PBXBuildFile; fileRef = 459EB22E23264CCB00D65270 /* bus.mp3 */; };
		459EB23823264CD700D65270 /* car.mp3 in Resources */ = {isa = PBXBuildFile; fileRef = 459EB22F23264CCD00D65270 /* car.mp3 */; };
		459EB23923264CD700D65270 /* bicycle.mp3 in Resources */ = {isa = PBXBuildFile; fileRef = 459EB23023264CCE00D65270 /* bicycle.mp3 */; };
		459EB23A23264CD700D65270 /* airplane.mp3 in Resources */ = {isa = PBXBuildFile; fileRef = 459EB23123264CD000D65270 /* airplane.mp3 */; };
		459EB23B23264CD700D65270 /* train.mp3 in Resources */ = {isa = PBXBuildFile; fileRef = 459EB23223264CD200D65270 /* train.mp3 */; };
		459EB23C23264CD700D65270 /* truck.mp3 in Resources */ = {isa = PBXBuildFile; fileRef = 459EB23323264CD300D65270 /* truck.mp3 */; };
		459EB23D23264CD700D65270 /* motorcycle.mp3 in Resources */ = {isa = PBXBuildFile; fileRef = 459EB23423264CD500D65270 /* motorcycle.mp3 */; };
		459EB23E23264CD700D65270 /* sailboat.mp3 in Resources */ = {isa = PBXBuildFile; fileRef = 459EB23523264CD700D65270 /* sailboat.mp3 */; };
		459EB24023267B8600D65270 /* Sand_Castle.mp3 in Resources */ = {isa = PBXBuildFile; fileRef = 459EB23F23267B8600D65270 /* Sand_Castle.mp3 */; };
		459EB24223267C3500D65270 /* MusicPlayer.swift in Sources */ = {isa = PBXBuildFile; fileRef = 459EB24123267C3500D65270 /* MusicPlayer.swift */; };
		45E1311C23262456006DB9F4 /* cherry.mp3 in Resources */ = {isa = PBXBuildFile; fileRef = 45E1311223262453006DB9F4 /* cherry.mp3 */; };
		45E1311D23262456006DB9F4 /* banana.mp3 in Resources */ = {isa = PBXBuildFile; fileRef = 45E1311323262453006DB9F4 /* banana.mp3 */; };
		45E1311E23262456006DB9F4 /* pear.mp3 in Resources */ = {isa = PBXBuildFile; fileRef = 45E1311423262456006DB9F4 /* pear.mp3 */; };
		45E1311F23262456006DB9F4 /* lemon.mp3 in Resources */ = {isa = PBXBuildFile; fileRef = 45E1311523262456006DB9F4 /* lemon.mp3 */; };
		45E1312023262456006DB9F4 /* apple.mp3 in Resources */ = {isa = PBXBuildFile; fileRef = 45E1311623262456006DB9F4 /* apple.mp3 */; };
		45E1312223262456006DB9F4 /* fruits.mp3 in Resources */ = {isa = PBXBuildFile; fileRef = 45E1311823262456006DB9F4 /* fruits.mp3 */; };
		45E1312323262456006DB9F4 /* watermelon.mp3 in Resources */ = {isa = PBXBuildFile; fileRef = 45E1311923262456006DB9F4 /* watermelon.mp3 */; };
		45E1312423262456006DB9F4 /* kiwi.mp3 in Resources */ = {isa = PBXBuildFile; fileRef = 45E1311A23262456006DB9F4 /* kiwi.mp3 */; };
		45E1312523262456006DB9F4 /* strawberry.mp3 in Resources */ = {isa = PBXBuildFile; fileRef = 45E1311B23262456006DB9F4 /* strawberry.mp3 */; };
		45E1312723262AC3006DB9F4 /* FrutasController.swift in Sources */ = {isa = PBXBuildFile; fileRef = 45E1312623262AC3006DB9F4 /* FrutasController.swift */; };
		45E13145232638F2006DB9F4 /* Flauta.mp3 in Resources */ = {isa = PBXBuildFile; fileRef = 45E1313C232638F1006DB9F4 /* Flauta.mp3 */; };
		45E13146232638F2006DB9F4 /* Xilofono.mp3 in Resources */ = {isa = PBXBuildFile; fileRef = 45E1313D232638F1006DB9F4 /* Xilofono.mp3 */; };
		45E13147232638F2006DB9F4 /* Piano.mp3 in Resources */ = {isa = PBXBuildFile; fileRef = 45E1313E232638F1006DB9F4 /* Piano.mp3 */; };
		45E13148232638F2006DB9F4 /* Guitarra.mp3 in Resources */ = {isa = PBXBuildFile; fileRef = 45E1313F232638F1006DB9F4 /* Guitarra.mp3 */; };
		45E13149232638F2006DB9F4 /* Trompeta.mp3 in Resources */ = {isa = PBXBuildFile; fileRef = 45E13140232638F1006DB9F4 /* Trompeta.mp3 */; };
		45E1314A232638F2006DB9F4 /* Bajo.mp3 in Resources */ = {isa = PBXBuildFile; fileRef = 45E13141232638F1006DB9F4 /* Bajo.mp3 */; };
		45E1314B232638F2006DB9F4 /* Violin.mp3 in Resources */ = {isa = PBXBuildFile; fileRef = 45E13142232638F1006DB9F4 /* Violin.mp3 */; };
		45E1314C232638F2006DB9F4 /* Tambor.mp3 in Resources */ = {isa = PBXBuildFile; fileRef = 45E13143232638F1006DB9F4 /* Tambor.mp3 */; };
		45E1314D232638F2006DB9F4 /* Arpa.mp3 in Resources */ = {isa = PBXBuildFile; fileRef = 45E13144232638F2006DB9F4 /* Arpa.mp3 */; };
		BE890FBA231623D4001F1748 /* animalitosController.swift in Sources */ = {isa = PBXBuildFile; fileRef = BE890FB9231623D4001F1748 /* animalitosController.swift */; };
/* End PBXBuildFile section */

/* Begin PBXContainerItemProxy section */
		3DCF5D972315C45000B55EE8 /* PBXContainerItemProxy */ = {
			isa = PBXContainerItemProxy;
			containerPortal = 3DCF5D7A2315C44D00B55EE8 /* Project object */;
			proxyType = 1;
			remoteGlobalIDString = 3DCF5D812315C44D00B55EE8;
			remoteInfo = ProyectoIngles;
		};
		3DCF5DA22315C45000B55EE8 /* PBXContainerItemProxy */ = {
			isa = PBXContainerItemProxy;
			containerPortal = 3DCF5D7A2315C44D00B55EE8 /* Project object */;
			proxyType = 1;
			remoteGlobalIDString = 3DCF5D812315C44D00B55EE8;
			remoteInfo = ProyectoIngles;
		};
/* End PBXContainerItemProxy section */

/* Begin PBXFileReference section */
		3CA934AC2325AAD60054C8B3 /* yellow.mp3 */ = {isa = PBXFileReference; lastKnownFileType = audio.mp3; path = yellow.mp3; sourceTree = "<group>"; };
		3CA934AE2325AAE20054C8B3 /* white.mp3 */ = {isa = PBXFileReference; lastKnownFileType = audio.mp3; path = white.mp3; sourceTree = "<group>"; };
		3CA934B02325AAEA0054C8B3 /* red.mp3 */ = {isa = PBXFileReference; lastKnownFileType = audio.mp3; path = red.mp3; sourceTree = "<group>"; };
		3CA934B22325AAF60054C8B3 /* purple.mp3 */ = {isa = PBXFileReference; lastKnownFileType = audio.mp3; path = purple.mp3; sourceTree = "<group>"; };
		3CA934B62325AB200054C8B3 /* pink.mp3 */ = {isa = PBXFileReference; lastKnownFileType = audio.mp3; path = pink.mp3; sourceTree = "<group>"; };
		3CA934B82325AB280054C8B3 /* orange.mp3 */ = {isa = PBXFileReference; lastKnownFileType = audio.mp3; path = orange.mp3; sourceTree = "<group>"; };
		3CA934BA2325AB360054C8B3 /* green.mp3 */ = {isa = PBXFileReference; lastKnownFileType = audio.mp3; path = green.mp3; sourceTree = "<group>"; };
		3CA934BC2325AB3C0054C8B3 /* colors.mp3 */ = {isa = PBXFileReference; lastKnownFileType = audio.mp3; path = colors.mp3; sourceTree = "<group>"; };
		3CA934BE2325AB460054C8B3 /* blue.mp3 */ = {isa = PBXFileReference; lastKnownFileType = audio.mp3; path = blue.mp3; sourceTree = "<group>"; };
		3CA934C02325AB4E0054C8B3 /* black.mp3 */ = {isa = PBXFileReference; lastKnownFileType = audio.mp3; path = black.mp3; sourceTree = "<group>"; };
		3CA934C22325AD5F0054C8B3 /* Poetsen One - Regular.ttf */ = {isa = PBXFileReference; lastKnownFileType = file; path = "Poetsen One - Regular.ttf"; sourceTree = "<group>"; };
		3CA934C42325AD6A0054C8B3 /* Source Serif Pro - Regular.otf */ = {isa = PBXFileReference; lastKnownFileType = file; path = "Source Serif Pro - Regular.otf"; sourceTree = "<group>"; };
		3DCF5D822315C44D00B55EE8 /* ProyectoIngles.app */ = {isa = PBXFileReference; explicitFileType = wrapper.application; includeInIndex = 0; path = ProyectoIngles.app; sourceTree = BUILT_PRODUCTS_DIR; };
		3DCF5D852315C44D00B55EE8 /* AppDelegate.swift */ = {isa = PBXFileReference; lastKnownFileType = sourcecode.swift; path = AppDelegate.swift; sourceTree = "<group>"; };
		3DCF5D872315C44D00B55EE8 /* ViewController.swift */ = {isa = PBXFileReference; lastKnownFileType = sourcecode.swift; path = ViewController.swift; sourceTree = "<group>"; };
		3DCF5D8A2315C44D00B55EE8 /* Base */ = {isa = PBXFileReference; lastKnownFileType = file.storyboard; name = Base; path = Base.lproj/Main.storyboard; sourceTree = "<group>"; };
		3DCF5D8C2315C44F00B55EE8 /* Assets.xcassets */ = {isa = PBXFileReference; lastKnownFileType = folder.assetcatalog; path = Assets.xcassets; sourceTree = "<group>"; };
		3DCF5D8F2315C44F00B55EE8 /* Base */ = {isa = PBXFileReference; lastKnownFileType = file.storyboard; name = Base; path = Base.lproj/LaunchScreen.storyboard; sourceTree = "<group>"; };
		3DCF5D912315C44F00B55EE8 /* Info.plist */ = {isa = PBXFileReference; lastKnownFileType = text.plist.xml; path = Info.plist; sourceTree = "<group>"; };
		3DCF5D962315C45000B55EE8 /* ProyectoInglesTests.xctest */ = {isa = PBXFileReference; explicitFileType = wrapper.cfbundle; includeInIndex = 0; path = ProyectoInglesTests.xctest; sourceTree = BUILT_PRODUCTS_DIR; };
		3DCF5D9A2315C45000B55EE8 /* ProyectoInglesTests.swift */ = {isa = PBXFileReference; lastKnownFileType = sourcecode.swift; path = ProyectoInglesTests.swift; sourceTree = "<group>"; };
		3DCF5D9C2315C45000B55EE8 /* Info.plist */ = {isa = PBXFileReference; lastKnownFileType = text.plist.xml; path = Info.plist; sourceTree = "<group>"; };
		3DCF5DA12315C45000B55EE8 /* ProyectoInglesUITests.xctest */ = {isa = PBXFileReference; explicitFileType = wrapper.cfbundle; includeInIndex = 0; path = ProyectoInglesUITests.xctest; sourceTree = BUILT_PRODUCTS_DIR; };
		3DCF5DA52315C45000B55EE8 /* ProyectoInglesUITests.swift */ = {isa = PBXFileReference; lastKnownFileType = sourcecode.swift; path = ProyectoInglesUITests.swift; sourceTree = "<group>"; };
		3DCF5DA72315C45000B55EE8 /* Info.plist */ = {isa = PBXFileReference; lastKnownFileType = text.plist.xml; path = Info.plist; sourceTree = "<group>"; };
		3DD5E4522324288500CA8DD6 /* ViewControlleraColorcitos.swift */ = {isa = PBXFileReference; lastKnownFileType = sourcecode.swift; path = ViewControlleraColorcitos.swift; sourceTree = "<group>"; };
		41286D38232463E9000B8C52 /* bear.mp3 */ = {isa = PBXFileReference; lastKnownFileType = audio.mp3; path = bear.mp3; sourceTree = "<group>"; };
		41286D3A232463EE000B8C52 /* cat.mp3 */ = {isa = PBXFileReference; lastKnownFileType = audio.mp3; path = cat.mp3; sourceTree = "<group>"; };
		41286D3C232463F3000B8C52 /* dog.mp3 */ = {isa = PBXFileReference; lastKnownFileType = audio.mp3; path = dog.mp3; sourceTree = "<group>"; };
		41286D3E232463F8000B8C52 /* fox.mp3 */ = {isa = PBXFileReference; lastKnownFileType = audio.mp3; path = fox.mp3; sourceTree = "<group>"; };
		41286D40232463FC000B8C52 /* monkey.mp3 */ = {isa = PBXFileReference; lastKnownFileType = audio.mp3; path = monkey.mp3; sourceTree = "<group>"; };
		41286D4223246400000B8C52 /* otter.mp3 */ = {isa = PBXFileReference; lastKnownFileType = audio.mp3; path = otter.mp3; sourceTree = "<group>"; };
		41286D4423246406000B8C52 /* squirrel.mp3 */ = {isa = PBXFileReference; lastKnownFileType = audio.mp3; path = squirrel.mp3; sourceTree = "<group>"; };
		41286D462324640A000B8C52 /* tiger.mp3 */ = {isa = PBXFileReference; lastKnownFileType = audio.mp3; path = tiger.mp3; sourceTree = "<group>"; };
		41286D482324640F000B8C52 /* wolf.mp3 */ = {isa = PBXFileReference; lastKnownFileType = audio.mp3; path = wolf.mp3; sourceTree = "<group>"; };
		41286D4A23246FA8000B8C52 /* Poetsen One - Regular.ttf */ = {isa = PBXFileReference; lastKnownFileType = file; path = "Poetsen One - Regular.ttf"; sourceTree = "<group>"; };
		459EB21723263BC600D65270 /* InstrumentosController.swift */ = {isa = PBXFileReference; lastKnownFileType = sourcecode.swift; path = InstrumentosController.swift; sourceTree = "<group>"; };
		459EB21923263D7100D65270 /* TransportesController.swift */ = {isa = PBXFileReference; lastKnownFileType = sourcecode.swift; path = TransportesController.swift; sourceTree = "<group>"; };
		459EB22D23264CC800D65270 /* helicopter.mp3 */ = {isa = PBXFileReference; lastKnownFileType = audio.mp3; path = helicopter.mp3; sourceTree = "<group>"; };
		459EB22E23264CCB00D65270 /* bus.mp3 */ = {isa = PBXFileReference; lastKnownFileType = audio.mp3; path = bus.mp3; sourceTree = "<group>"; };
		459EB22F23264CCD00D65270 /* car.mp3 */ = {isa = PBXFileReference; lastKnownFileType = audio.mp3; path = car.mp3; sourceTree = "<group>"; };
		459EB23023264CCE00D65270 /* bicycle.mp3 */ = {isa = PBXFileReference; lastKnownFileType = audio.mp3; path = bicycle.mp3; sourceTree = "<group>"; };
		459EB23123264CD000D65270 /* airplane.mp3 */ = {isa = PBXFileReference; lastKnownFileType = audio.mp3; path = airplane.mp3; sourceTree = "<group>"; };
		459EB23223264CD200D65270 /* train.mp3 */ = {isa = PBXFileReference; lastKnownFileType = audio.mp3; path = train.mp3; sourceTree = "<group>"; };
		459EB23323264CD300D65270 /* truck.mp3 */ = {isa = PBXFileReference; lastKnownFileType = audio.mp3; path = truck.mp3; sourceTree = "<group>"; };
		459EB23423264CD500D65270 /* motorcycle.mp3 */ = {isa = PBXFileReference; lastKnownFileType = audio.mp3; path = motorcycle.mp3; sourceTree = "<group>"; };
		459EB23523264CD700D65270 /* sailboat.mp3 */ = {isa = PBXFileReference; lastKnownFileType = audio.mp3; path = sailboat.mp3; sourceTree = "<group>"; };
		459EB23F23267B8600D65270 /* Sand_Castle.mp3 */ = {isa = PBXFileReference; lastKnownFileType = audio.mp3; path = Sand_Castle.mp3; sourceTree = "<group>"; };
		459EB24123267C3500D65270 /* MusicPlayer.swift */ = {isa = PBXFileReference; lastKnownFileType = sourcecode.swift; path = MusicPlayer.swift; sourceTree = "<group>"; };
		45E1311223262453006DB9F4 /* cherry.mp3 */ = {isa = PBXFileReference; lastKnownFileType = audio.mp3; path = cherry.mp3; sourceTree = "<group>"; };
		45E1311323262453006DB9F4 /* banana.mp3 */ = {isa = PBXFileReference; lastKnownFileType = audio.mp3; path = banana.mp3; sourceTree = "<group>"; };
		45E1311423262456006DB9F4 /* pear.mp3 */ = {isa = PBXFileReference; lastKnownFileType = audio.mp3; path = pear.mp3; sourceTree = "<group>"; };
		45E1311523262456006DB9F4 /* lemon.mp3 */ = {isa = PBXFileReference; lastKnownFileType = audio.mp3; path = lemon.mp3; sourceTree = "<group>"; };
		45E1311623262456006DB9F4 /* apple.mp3 */ = {isa = PBXFileReference; lastKnownFileType = audio.mp3; path = apple.mp3; sourceTree = "<group>"; };
		45E1311723262456006DB9F4 /* orange.mp3 */ = {isa = PBXFileReference; lastKnownFileType = audio.mp3; name = orange.mp3; path = ../../../Downloads/Frutas_Voice/orange.mp3; sourceTree = "<group>"; };
		45E1311823262456006DB9F4 /* fruits.mp3 */ = {isa = PBXFileReference; lastKnownFileType = audio.mp3; path = fruits.mp3; sourceTree = "<group>"; };
		45E1311923262456006DB9F4 /* watermelon.mp3 */ = {isa = PBXFileReference; lastKnownFileType = audio.mp3; path = watermelon.mp3; sourceTree = "<group>"; };
		45E1311A23262456006DB9F4 /* kiwi.mp3 */ = {isa = PBXFileReference; lastKnownFileType = audio.mp3; path = kiwi.mp3; sourceTree = "<group>"; };
		45E1311B23262456006DB9F4 /* strawberry.mp3 */ = {isa = PBXFileReference; lastKnownFileType = audio.mp3; path = strawberry.mp3; sourceTree = "<group>"; };
		45E1312623262AC3006DB9F4 /* FrutasController.swift */ = {isa = PBXFileReference; lastKnownFileType = sourcecode.swift; path = FrutasController.swift; sourceTree = "<group>"; };
		45E1313C232638F1006DB9F4 /* Flauta.mp3 */ = {isa = PBXFileReference; lastKnownFileType = audio.mp3; path = Flauta.mp3; sourceTree = "<group>"; };
		45E1313D232638F1006DB9F4 /* Xilofono.mp3 */ = {isa = PBXFileReference; lastKnownFileType = audio.mp3; path = Xilofono.mp3; sourceTree = "<group>"; };
		45E1313E232638F1006DB9F4 /* Piano.mp3 */ = {isa = PBXFileReference; lastKnownFileType = audio.mp3; path = Piano.mp3; sourceTree = "<group>"; };
		45E1313F232638F1006DB9F4 /* Guitarra.mp3 */ = {isa = PBXFileReference; lastKnownFileType = audio.mp3; path = Guitarra.mp3; sourceTree = "<group>"; };
		45E13140232638F1006DB9F4 /* Trompeta.mp3 */ = {isa = PBXFileReference; lastKnownFileType = audio.mp3; path = Trompeta.mp3; sourceTree = "<group>"; };
		45E13141232638F1006DB9F4 /* Bajo.mp3 */ = {isa = PBXFileReference; lastKnownFileType = audio.mp3; path = Bajo.mp3; sourceTree = "<group>"; };
		45E13142232638F1006DB9F4 /* Violin.mp3 */ = {isa = PBXFileReference; lastKnownFileType = audio.mp3; path = Violin.mp3; sourceTree = "<group>"; };
		45E13143232638F1006DB9F4 /* Tambor.mp3 */ = {isa = PBXFileReference; lastKnownFileType = audio.mp3; path = Tambor.mp3; sourceTree = "<group>"; };
		45E13144232638F2006DB9F4 /* Arpa.mp3 */ = {isa = PBXFileReference; lastKnownFileType = audio.mp3; path = Arpa.mp3; sourceTree = "<group>"; };
		BE890FB9231623D4001F1748 /* animalitosController.swift */ = {isa = PBXFileReference; lastKnownFileType = sourcecode.swift; path = animalitosController.swift; sourceTree = "<group>"; };
/* End PBXFileReference section */

/* Begin PBXFrameworksBuildPhase section */
		3DCF5D7F2315C44D00B55EE8 /* Frameworks */ = {
			isa = PBXFrameworksBuildPhase;
			buildActionMask = 2147483647;
			files = (
			);
			runOnlyForDeploymentPostprocessing = 0;
		};
		3DCF5D932315C45000B55EE8 /* Frameworks */ = {
			isa = PBXFrameworksBuildPhase;
			buildActionMask = 2147483647;
			files = (
			);
			runOnlyForDeploymentPostprocessing = 0;
		};
		3DCF5D9E2315C45000B55EE8 /* Frameworks */ = {
			isa = PBXFrameworksBuildPhase;
			buildActionMask = 2147483647;
			files = (
			);
			runOnlyForDeploymentPostprocessing = 0;
		};
/* End PBXFrameworksBuildPhase section */

/* Begin PBXGroup section */
		3DCF5D792315C44D00B55EE8 = {
			isa = PBXGroup;
			children = (
				3DCF5D842315C44D00B55EE8 /* ProyectoIngles */,
				3DCF5D992315C45000B55EE8 /* ProyectoInglesTests */,
				3DCF5DA42315C45000B55EE8 /* ProyectoInglesUITests */,
				3DCF5D832315C44D00B55EE8 /* Products */,
			);
			sourceTree = "<group>";
		};
		3DCF5D832315C44D00B55EE8 /* Products */ = {
			isa = PBXGroup;
			children = (
				3DCF5D822315C44D00B55EE8 /* ProyectoIngles.app */,
				3DCF5D962315C45000B55EE8 /* ProyectoInglesTests.xctest */,
				3DCF5DA12315C45000B55EE8 /* ProyectoInglesUITests.xctest */,
			);
			name = Products;
			sourceTree = "<group>";
		};
		3DCF5D842315C44D00B55EE8 /* ProyectoIngles */ = {
			isa = PBXGroup;
			children = (
				458E53832325CE600029C6E9 /* viewcontrollers */,
				458E53822325CE580029C6E9 /* storyboards */,
				458E53812325CE430029C6E9 /* fonts */,
				458E53802325CD580029C6E9 /* audios */,
				3DCF5D852315C44D00B55EE8 /* AppDelegate.swift */,
				3DCF5D8C2315C44F00B55EE8 /* Assets.xcassets */,
				3DCF5D912315C44F00B55EE8 /* Info.plist */,
			);
			path = ProyectoIngles;
			sourceTree = "<group>";
		};
		3DCF5D992315C45000B55EE8 /* ProyectoInglesTests */ = {
			isa = PBXGroup;
			children = (
				3DCF5D9A2315C45000B55EE8 /* ProyectoInglesTests.swift */,
				3DCF5D9C2315C45000B55EE8 /* Info.plist */,
			);
			path = ProyectoInglesTests;
			sourceTree = "<group>";
		};
		3DCF5DA42315C45000B55EE8 /* ProyectoInglesUITests */ = {
			isa = PBXGroup;
			children = (
				3DCF5DA52315C45000B55EE8 /* ProyectoInglesUITests.swift */,
				3DCF5DA72315C45000B55EE8 /* Info.plist */,
			);
			path = ProyectoInglesUITests;
			sourceTree = "<group>";
		};
		458E53802325CD580029C6E9 /* audios */ = {
			isa = PBXGroup;
			children = (
				459EB23F23267B8600D65270 /* Sand_Castle.mp3 */,
				459EB23123264CD000D65270 /* airplane.mp3 */,
				459EB23023264CCE00D65270 /* bicycle.mp3 */,
				459EB22E23264CCB00D65270 /* bus.mp3 */,
				459EB22F23264CCD00D65270 /* car.mp3 */,
				459EB22D23264CC800D65270 /* helicopter.mp3 */,
				459EB23423264CD500D65270 /* motorcycle.mp3 */,
				459EB23523264CD700D65270 /* sailboat.mp3 */,
				459EB23223264CD200D65270 /* train.mp3 */,
				459EB23323264CD300D65270 /* truck.mp3 */,
				45E13144232638F2006DB9F4 /* Arpa.mp3 */,
				45E13141232638F1006DB9F4 /* Bajo.mp3 */,
				45E1313C232638F1006DB9F4 /* Flauta.mp3 */,
				45E1313F232638F1006DB9F4 /* Guitarra.mp3 */,
				45E1313E232638F1006DB9F4 /* Piano.mp3 */,
				45E13143232638F1006DB9F4 /* Tambor.mp3 */,
				45E13140232638F1006DB9F4 /* Trompeta.mp3 */,
				45E13142232638F1006DB9F4 /* Violin.mp3 */,
				45E1313D232638F1006DB9F4 /* Xilofono.mp3 */,
				45E1311623262456006DB9F4 /* apple.mp3 */,
				45E1311323262453006DB9F4 /* banana.mp3 */,
				45E1311223262453006DB9F4 /* cherry.mp3 */,
				45E1311823262456006DB9F4 /* fruits.mp3 */,
				45E1311A23262456006DB9F4 /* kiwi.mp3 */,
				45E1311523262456006DB9F4 /* lemon.mp3 */,
				45E1311723262456006DB9F4 /* orange.mp3 */,
				45E1311423262456006DB9F4 /* pear.mp3 */,
				45E1311B23262456006DB9F4 /* strawberry.mp3 */,
				45E1311923262456006DB9F4 /* watermelon.mp3 */,
				41286D38232463E9000B8C52 /* bear.mp3 */,
				41286D3A232463EE000B8C52 /* cat.mp3 */,
				41286D3C232463F3000B8C52 /* dog.mp3 */,
				41286D3E232463F8000B8C52 /* fox.mp3 */,
				41286D40232463FC000B8C52 /* monkey.mp3 */,
				41286D4223246400000B8C52 /* otter.mp3 */,
				41286D4423246406000B8C52 /* squirrel.mp3 */,
				41286D462324640A000B8C52 /* tiger.mp3 */,
				41286D482324640F000B8C52 /* wolf.mp3 */,
				3CA934AE2325AAE20054C8B3 /* white.mp3 */,
				3CA934B02325AAEA0054C8B3 /* red.mp3 */,
				3CA934AC2325AAD60054C8B3 /* yellow.mp3 */,
				3CA934B62325AB200054C8B3 /* pink.mp3 */,
				3CA934BE2325AB460054C8B3 /* blue.mp3 */,
				3CA934C02325AB4E0054C8B3 /* black.mp3 */,
				3CA934B82325AB280054C8B3 /* orange.mp3 */,
				3CA934BA2325AB360054C8B3 /* green.mp3 */,
				3CA934BC2325AB3C0054C8B3 /* colors.mp3 */,
				3CA934B22325AAF60054C8B3 /* purple.mp3 */,
			);
			name = audios;
			sourceTree = "<group>";
		};
		458E53812325CE430029C6E9 /* fonts */ = {
			isa = PBXGroup;
			children = (
				3CA934C22325AD5F0054C8B3 /* Poetsen One - Regular.ttf */,
				3CA934C42325AD6A0054C8B3 /* Source Serif Pro - Regular.otf */,
				41286D4A23246FA8000B8C52 /* Poetsen One - Regular.ttf */,
			);
			name = fonts;
			sourceTree = "<group>";
		};
		458E53822325CE580029C6E9 /* storyboards */ = {
			isa = PBXGroup;
			children = (
				3DCF5D892315C44D00B55EE8 /* Main.storyboard */,
				3DCF5D8E2315C44F00B55EE8 /* LaunchScreen.storyboard */,
			);
			name = storyboards;
			sourceTree = "<group>";
		};
		458E53832325CE600029C6E9 /* viewcontrollers */ = {
			isa = PBXGroup;
			children = (
				BE890FB9231623D4001F1748 /* animalitosController.swift */,
				3DD5E4522324288500CA8DD6 /* ViewControlleraColorcitos.swift */,
				3DCF5D872315C44D00B55EE8 /* ViewController.swift */,
				45E1312623262AC3006DB9F4 /* FrutasController.swift */,
				459EB21723263BC600D65270 /* InstrumentosController.swift */,
				459EB21923263D7100D65270 /* TransportesController.swift */,
				459EB24123267C3500D65270 /* MusicPlayer.swift */,
			);
			name = viewcontrollers;
			sourceTree = "<group>";
		};
/* End PBXGroup section */

/* Begin PBXNativeTarget section */
		3DCF5D812315C44D00B55EE8 /* ProyectoIngles */ = {
			isa = PBXNativeTarget;
			buildConfigurationList = 3DCF5DAA2315C45000B55EE8 /* Build configuration list for PBXNativeTarget "ProyectoIngles" */;
			buildPhases = (
				3DCF5D7E2315C44D00B55EE8 /* Sources */,
				3DCF5D7F2315C44D00B55EE8 /* Frameworks */,
				3DCF5D802315C44D00B55EE8 /* Resources */,
			);
			buildRules = (
			);
			dependencies = (
			);
			name = ProyectoIngles;
			productName = ProyectoIngles;
			productReference = 3DCF5D822315C44D00B55EE8 /* ProyectoIngles.app */;
			productType = "com.apple.product-type.application";
		};
		3DCF5D952315C45000B55EE8 /* ProyectoInglesTests */ = {
			isa = PBXNativeTarget;
			buildConfigurationList = 3DCF5DAD2315C45000B55EE8 /* Build configuration list for PBXNativeTarget "ProyectoInglesTests" */;
			buildPhases = (
				3DCF5D922315C45000B55EE8 /* Sources */,
				3DCF5D932315C45000B55EE8 /* Frameworks */,
				3DCF5D942315C45000B55EE8 /* Resources */,
			);
			buildRules = (
			);
			dependencies = (
				3DCF5D982315C45000B55EE8 /* PBXTargetDependency */,
			);
			name = ProyectoInglesTests;
			productName = ProyectoInglesTests;
			productReference = 3DCF5D962315C45000B55EE8 /* ProyectoInglesTests.xctest */;
			productType = "com.apple.product-type.bundle.unit-test";
		};
		3DCF5DA02315C45000B55EE8 /* ProyectoInglesUITests */ = {
			isa = PBXNativeTarget;
			buildConfigurationList = 3DCF5DB02315C45000B55EE8 /* Build configuration list for PBXNativeTarget "ProyectoInglesUITests" */;
			buildPhases = (
				3DCF5D9D2315C45000B55EE8 /* Sources */,
				3DCF5D9E2315C45000B55EE8 /* Frameworks */,
				3DCF5D9F2315C45000B55EE8 /* Resources */,
			);
			buildRules = (
			);
			dependencies = (
				3DCF5DA32315C45000B55EE8 /* PBXTargetDependency */,
			);
			name = ProyectoInglesUITests;
			productName = ProyectoInglesUITests;
			productReference = 3DCF5DA12315C45000B55EE8 /* ProyectoInglesUITests.xctest */;
			productType = "com.apple.product-type.bundle.ui-testing";
		};
/* End PBXNativeTarget section */

/* Begin PBXProject section */
		3DCF5D7A2315C44D00B55EE8 /* Project object */ = {
			isa = PBXProject;
			attributes = {
				LastSwiftUpdateCheck = 0940;
				LastUpgradeCheck = 0940;
				ORGANIZATIONNAME = Fer;
				TargetAttributes = {
					3DCF5D812315C44D00B55EE8 = {
						CreatedOnToolsVersion = 9.4.1;
					};
					3DCF5D952315C45000B55EE8 = {
						CreatedOnToolsVersion = 9.4.1;
						TestTargetID = 3DCF5D812315C44D00B55EE8;
					};
					3DCF5DA02315C45000B55EE8 = {
						CreatedOnToolsVersion = 9.4.1;
						TestTargetID = 3DCF5D812315C44D00B55EE8;
					};
				};
			};
			buildConfigurationList = 3DCF5D7D2315C44D00B55EE8 /* Build configuration list for PBXProject "ProyectoIngles" */;
			compatibilityVersion = "Xcode 9.3";
			developmentRegion = en;
			hasScannedForEncodings = 0;
			knownRegions = (
				en,
				Base,
			);
			mainGroup = 3DCF5D792315C44D00B55EE8;
			productRefGroup = 3DCF5D832315C44D00B55EE8 /* Products */;
			projectDirPath = "";
			projectRoot = "";
			targets = (
				3DCF5D812315C44D00B55EE8 /* ProyectoIngles */,
				3DCF5D952315C45000B55EE8 /* ProyectoInglesTests */,
				3DCF5DA02315C45000B55EE8 /* ProyectoInglesUITests */,
			);
		};
/* End PBXProject section */

/* Begin PBXResourcesBuildPhase section */
		3DCF5D802315C44D00B55EE8 /* Resources */ = {
			isa = PBXResourcesBuildPhase;
			buildActionMask = 2147483647;
			files = (
				459EB23723264CD700D65270 /* bus.mp3 in Resources */,
				41286D3B232463EE000B8C52 /* cat.mp3 in Resources */,
				459EB23923264CD700D65270 /* bicycle.mp3 in Resources */,
				459EB23623264CD700D65270 /* helicopter.mp3 in Resources */,
				41286D4523246406000B8C52 /* squirrel.mp3 in Resources */,
				45E13145232638F2006DB9F4 /* Flauta.mp3 in Resources */,
				45E1312423262456006DB9F4 /* kiwi.mp3 in Resources */,
				41286D492324640F000B8C52 /* wolf.mp3 in Resources */,
				41286D4B23246FA8000B8C52 /* Poetsen One - Regular.ttf in Resources */,
				45E1314B232638F2006DB9F4 /* Violin.mp3 in Resources */,
				45E1314A232638F2006DB9F4 /* Bajo.mp3 in Resources */,
				41286D39232463E9000B8C52 /* bear.mp3 in Resources */,
				41286D3F232463F8000B8C52 /* fox.mp3 in Resources */,
				41286D472324640B000B8C52 /* tiger.mp3 in Resources */,
				41286D41232463FC000B8C52 /* monkey.mp3 in Resources */,
				3DCF5D902315C44F00B55EE8 /* LaunchScreen.storyboard in Resources */,
				45E13149232638F2006DB9F4 /* Trompeta.mp3 in Resources */,
				45E1311C23262456006DB9F4 /* cherry.mp3 in Resources */,
				41286D3D232463F3000B8C52 /* dog.mp3 in Resources */,
				3DCF5D8D2315C44F00B55EE8 /* Assets.xcassets in Resources */,
				459EB23A23264CD700D65270 /* airplane.mp3 in Resources */,
				41286D4323246400000B8C52 /* otter.mp3 in Resources */,
				3CA934BB2325AB360054C8B3 /* green.mp3 in Resources */,
				3CA934B12325AAEA0054C8B3 /* red.mp3 in Resources */,
				45E13148232638F2006DB9F4 /* Guitarra.mp3 in Resources */,
				45E1312223262456006DB9F4 /* fruits.mp3 in Resources */,
				45E1312323262456006DB9F4 /* watermelon.mp3 in Resources */,
				3CA934BD2325AB3C0054C8B3 /* colors.mp3 in Resources */,
				3DCF5D902315C44F00B55EE8 /* LaunchScreen.storyboard in Resources */,
				459EB23E23264CD700D65270 /* sailboat.mp3 in Resources */,
				459EB23823264CD700D65270 /* car.mp3 in Resources */,
				3CA934AF2325AAE20054C8B3 /* white.mp3 in Resources */,
				45E1311D23262456006DB9F4 /* banana.mp3 in Resources */,
				459EB23C23264CD700D65270 /* truck.mp3 in Resources */,
				45E1314D232638F2006DB9F4 /* Arpa.mp3 in Resources */,
				3CA934B92325AB280054C8B3 /* orange.mp3 in Resources */,
				3CA934C32325AD600054C8B3 /* Poetsen One - Regular.ttf in Resources */,
				459EB23D23264CD700D65270 /* motorcycle.mp3 in Resources */,
				3DCF5D8D2315C44F00B55EE8 /* Assets.xcassets in Resources */,
				3CA934BF2325AB470054C8B3 /* blue.mp3 in Resources */,
				45E13147232638F2006DB9F4 /* Piano.mp3 in Resources */,
				45E1312523262456006DB9F4 /* strawberry.mp3 in Resources */,
				45E13146232638F2006DB9F4 /* Xilofono.mp3 in Resources */,
				3CA934B32325AAF60054C8B3 /* purple.mp3 in Resources */,
				459EB23B23264CD700D65270 /* train.mp3 in Resources */,
				3CA934B72325AB200054C8B3 /* pink.mp3 in Resources */,
				45E1312023262456006DB9F4 /* apple.mp3 in Resources */,
				3CA934C52325AD6A0054C8B3 /* Source Serif Pro - Regular.otf in Resources */,
				45E1311E23262456006DB9F4 /* pear.mp3 in Resources */,
				3CA934AD2325AAD60054C8B3 /* yellow.mp3 in Resources */,
				459EB24023267B8600D65270 /* Sand_Castle.mp3 in Resources */,
				3DCF5D8B2315C44D00B55EE8 /* Main.storyboard in Resources */,
				45E1314C232638F2006DB9F4 /* Tambor.mp3 in Resources */,
				3CA934C12325AB4E0054C8B3 /* black.mp3 in Resources */,
				45E1311F23262456006DB9F4 /* lemon.mp3 in Resources */,
			);
			runOnlyForDeploymentPostprocessing = 0;
		};
		3DCF5D942315C45000B55EE8 /* Resources */ = {
			isa = PBXResourcesBuildPhase;
			buildActionMask = 2147483647;
			files = (
			);
			runOnlyForDeploymentPostprocessing = 0;
		};
		3DCF5D9F2315C45000B55EE8 /* Resources */ = {
			isa = PBXResourcesBuildPhase;
			buildActionMask = 2147483647;
			files = (
			);
			runOnlyForDeploymentPostprocessing = 0;
		};
/* End PBXResourcesBuildPhase section */

/* Begin PBXSourcesBuildPhase section */
		3DCF5D7E2315C44D00B55EE8 /* Sources */ = {
			isa = PBXSourcesBuildPhase;
			buildActionMask = 2147483647;
			files = (
				459EB21A23263D7100D65270 /* TransportesController.swift in Sources */,
				459EB21823263BC600D65270 /* InstrumentosController.swift in Sources */,
				459EB24223267C3500D65270 /* MusicPlayer.swift in Sources */,
				3DD5E4532324288500CA8DD6 /* ViewControlleraColorcitos.swift in Sources */,
				3DCF5D882315C44D00B55EE8 /* ViewController.swift in Sources */,
				45E1312723262AC3006DB9F4 /* FrutasController.swift in Sources */,
				3DCF5D862315C44D00B55EE8 /* AppDelegate.swift in Sources */,
				BE890FBA231623D4001F1748 /* animalitosController.swift in Sources */,
			);
			runOnlyForDeploymentPostprocessing = 0;
		};
		3DCF5D922315C45000B55EE8 /* Sources */ = {
			isa = PBXSourcesBuildPhase;
			buildActionMask = 2147483647;
			files = (
				3DCF5D9B2315C45000B55EE8 /* ProyectoInglesTests.swift in Sources */,
			);
			runOnlyForDeploymentPostprocessing = 0;
		};
		3DCF5D9D2315C45000B55EE8 /* Sources */ = {
			isa = PBXSourcesBuildPhase;
			buildActionMask = 2147483647;
			files = (
				3DCF5DA62315C45000B55EE8 /* ProyectoInglesUITests.swift in Sources */,
			);
			runOnlyForDeploymentPostprocessing = 0;
		};
/* End PBXSourcesBuildPhase section */

/* Begin PBXTargetDependency section */
		3DCF5D982315C45000B55EE8 /* PBXTargetDependency */ = {
			isa = PBXTargetDependency;
			target = 3DCF5D812315C44D00B55EE8 /* ProyectoIngles */;
			targetProxy = 3DCF5D972315C45000B55EE8 /* PBXContainerItemProxy */;
		};
		3DCF5DA32315C45000B55EE8 /* PBXTargetDependency */ = {
			isa = PBXTargetDependency;
			target = 3DCF5D812315C44D00B55EE8 /* ProyectoIngles */;
			targetProxy = 3DCF5DA22315C45000B55EE8 /* PBXContainerItemProxy */;
		};
/* End PBXTargetDependency section */

/* Begin PBXVariantGroup section */
		3DCF5D892315C44D00B55EE8 /* Main.storyboard */ = {
			isa = PBXVariantGroup;
			children = (
				3DCF5D8A2315C44D00B55EE8 /* Base */,
			);
			name = Main.storyboard;
			sourceTree = "<group>";
		};
		3DCF5D8E2315C44F00B55EE8 /* LaunchScreen.storyboard */ = {
			isa = PBXVariantGroup;
			children = (
				3DCF5D8F2315C44F00B55EE8 /* Base */,
			);
			name = LaunchScreen.storyboard;
			sourceTree = "<group>";
		};
/* End PBXVariantGroup section */

/* Begin XCBuildConfiguration section */
		3DCF5DA82315C45000B55EE8 /* Debug */ = {
			isa = XCBuildConfiguration;
			buildSettings = {
				ALWAYS_SEARCH_USER_PATHS = NO;
				CLANG_ANALYZER_NONNULL = YES;
				CLANG_ANALYZER_NUMBER_OBJECT_CONVERSION = YES_AGGRESSIVE;
				CLANG_CXX_LANGUAGE_STANDARD = "gnu++14";
				CLANG_CXX_LIBRARY = "libc++";
				CLANG_ENABLE_MODULES = YES;
				CLANG_ENABLE_OBJC_ARC = YES;
				CLANG_ENABLE_OBJC_WEAK = YES;
				CLANG_WARN_BLOCK_CAPTURE_AUTORELEASING = YES;
				CLANG_WARN_BOOL_CONVERSION = YES;
				CLANG_WARN_COMMA = YES;
				CLANG_WARN_CONSTANT_CONVERSION = YES;
				CLANG_WARN_DEPRECATED_OBJC_IMPLEMENTATIONS = YES;
				CLANG_WARN_DIRECT_OBJC_ISA_USAGE = YES_ERROR;
				CLANG_WARN_DOCUMENTATION_COMMENTS = YES;
				CLANG_WARN_EMPTY_BODY = YES;
				CLANG_WARN_ENUM_CONVERSION = YES;
				CLANG_WARN_INFINITE_RECURSION = YES;
				CLANG_WARN_INT_CONVERSION = YES;
				CLANG_WARN_NON_LITERAL_NULL_CONVERSION = YES;
				CLANG_WARN_OBJC_IMPLICIT_RETAIN_SELF = YES;
				CLANG_WARN_OBJC_LITERAL_CONVERSION = YES;
				CLANG_WARN_OBJC_ROOT_CLASS = YES_ERROR;
				CLANG_WARN_RANGE_LOOP_ANALYSIS = YES;
				CLANG_WARN_STRICT_PROTOTYPES = YES;
				CLANG_WARN_SUSPICIOUS_MOVE = YES;
				CLANG_WARN_UNGUARDED_AVAILABILITY = YES_AGGRESSIVE;
				CLANG_WARN_UNREACHABLE_CODE = YES;
				CLANG_WARN__DUPLICATE_METHOD_MATCH = YES;
				CODE_SIGN_IDENTITY = "iPhone Developer";
				COPY_PHASE_STRIP = NO;
				DEBUG_INFORMATION_FORMAT = dwarf;
				ENABLE_STRICT_OBJC_MSGSEND = YES;
				ENABLE_TESTABILITY = YES;
				GCC_C_LANGUAGE_STANDARD = gnu11;
				GCC_DYNAMIC_NO_PIC = NO;
				GCC_NO_COMMON_BLOCKS = YES;
				GCC_OPTIMIZATION_LEVEL = 0;
				GCC_PREPROCESSOR_DEFINITIONS = (
					"DEBUG=1",
					"$(inherited)",
				);
				GCC_WARN_64_TO_32_BIT_CONVERSION = YES;
				GCC_WARN_ABOUT_RETURN_TYPE = YES_ERROR;
				GCC_WARN_UNDECLARED_SELECTOR = YES;
				GCC_WARN_UNINITIALIZED_AUTOS = YES_AGGRESSIVE;
				GCC_WARN_UNUSED_FUNCTION = YES;
				GCC_WARN_UNUSED_VARIABLE = YES;
				IPHONEOS_DEPLOYMENT_TARGET = 11.4;
				MTL_ENABLE_DEBUG_INFO = YES;
				ONLY_ACTIVE_ARCH = YES;
				SDKROOT = iphoneos;
				SWIFT_ACTIVE_COMPILATION_CONDITIONS = DEBUG;
				SWIFT_OPTIMIZATION_LEVEL = "-Onone";
			};
			name = Debug;
		};
		3DCF5DA92315C45000B55EE8 /* Release */ = {
			isa = XCBuildConfiguration;
			buildSettings = {
				ALWAYS_SEARCH_USER_PATHS = NO;
				CLANG_ANALYZER_NONNULL = YES;
				CLANG_ANALYZER_NUMBER_OBJECT_CONVERSION = YES_AGGRESSIVE;
				CLANG_CXX_LANGUAGE_STANDARD = "gnu++14";
				CLANG_CXX_LIBRARY = "libc++";
				CLANG_ENABLE_MODULES = YES;
				CLANG_ENABLE_OBJC_ARC = YES;
				CLANG_ENABLE_OBJC_WEAK = YES;
				CLANG_WARN_BLOCK_CAPTURE_AUTORELEASING = YES;
				CLANG_WARN_BOOL_CONVERSION = YES;
				CLANG_WARN_COMMA = YES;
				CLANG_WARN_CONSTANT_CONVERSION = YES;
				CLANG_WARN_DEPRECATED_OBJC_IMPLEMENTATIONS = YES;
				CLANG_WARN_DIRECT_OBJC_ISA_USAGE = YES_ERROR;
				CLANG_WARN_DOCUMENTATION_COMMENTS = YES;
				CLANG_WARN_EMPTY_BODY = YES;
				CLANG_WARN_ENUM_CONVERSION = YES;
				CLANG_WARN_INFINITE_RECURSION = YES;
				CLANG_WARN_INT_CONVERSION = YES;
				CLANG_WARN_NON_LITERAL_NULL_CONVERSION = YES;
				CLANG_WARN_OBJC_IMPLICIT_RETAIN_SELF = YES;
				CLANG_WARN_OBJC_LITERAL_CONVERSION = YES;
				CLANG_WARN_OBJC_ROOT_CLASS = YES_ERROR;
				CLANG_WARN_RANGE_LOOP_ANALYSIS = YES;
				CLANG_WARN_STRICT_PROTOTYPES = YES;
				CLANG_WARN_SUSPICIOUS_MOVE = YES;
				CLANG_WARN_UNGUARDED_AVAILABILITY = YES_AGGRESSIVE;
				CLANG_WARN_UNREACHABLE_CODE = YES;
				CLANG_WARN__DUPLICATE_METHOD_MATCH = YES;
				CODE_SIGN_IDENTITY = "iPhone Developer";
				COPY_PHASE_STRIP = NO;
				DEBUG_INFORMATION_FORMAT = "dwarf-with-dsym";
				ENABLE_NS_ASSERTIONS = NO;
				ENABLE_STRICT_OBJC_MSGSEND = YES;
				GCC_C_LANGUAGE_STANDARD = gnu11;
				GCC_NO_COMMON_BLOCKS = YES;
				GCC_WARN_64_TO_32_BIT_CONVERSION = YES;
				GCC_WARN_ABOUT_RETURN_TYPE = YES_ERROR;
				GCC_WARN_UNDECLARED_SELECTOR = YES;
				GCC_WARN_UNINITIALIZED_AUTOS = YES_AGGRESSIVE;
				GCC_WARN_UNUSED_FUNCTION = YES;
				GCC_WARN_UNUSED_VARIABLE = YES;
				IPHONEOS_DEPLOYMENT_TARGET = 11.4;
				MTL_ENABLE_DEBUG_INFO = NO;
				SDKROOT = iphoneos;
				SWIFT_COMPILATION_MODE = wholemodule;
				SWIFT_OPTIMIZATION_LEVEL = "-O";
				VALIDATE_PRODUCT = YES;
			};
			name = Release;
		};
		3DCF5DAB2315C45000B55EE8 /* Debug */ = {
			isa = XCBuildConfiguration;
			buildSettings = {
				CODE_SIGN_STYLE = Automatic;
				INFOPLIST_FILE = ProyectoIngles/Info.plist;
				LD_RUNPATH_SEARCH_PATHS = (
					"$(inherited)",
					"@executable_path/Frameworks",
				);
				PRODUCT_BUNDLE_IDENTIFIER = mx.Fer.ProyectoIngles;
				PRODUCT_NAME = "$(TARGET_NAME)";
				SWIFT_VERSION = 4.0;
				TARGETED_DEVICE_FAMILY = "1,2";
			};
			name = Debug;
		};
		3DCF5DAC2315C45000B55EE8 /* Release */ = {
			isa = XCBuildConfiguration;
			buildSettings = {
				CODE_SIGN_STYLE = Automatic;
				INFOPLIST_FILE = ProyectoIngles/Info.plist;
				LD_RUNPATH_SEARCH_PATHS = (
					"$(inherited)",
					"@executable_path/Frameworks",
				);
				PRODUCT_BUNDLE_IDENTIFIER = mx.Fer.ProyectoIngles;
				PRODUCT_NAME = "$(TARGET_NAME)";
				SWIFT_VERSION = 4.0;
				TARGETED_DEVICE_FAMILY = "1,2";
			};
			name = Release;
		};
		3DCF5DAE2315C45000B55EE8 /* Debug */ = {
			isa = XCBuildConfiguration;
			buildSettings = {
				ALWAYS_EMBED_SWIFT_STANDARD_LIBRARIES = YES;
				BUNDLE_LOADER = "$(TEST_HOST)";
				CODE_SIGN_STYLE = Automatic;
				INFOPLIST_FILE = ProyectoInglesTests/Info.plist;
				LD_RUNPATH_SEARCH_PATHS = (
					"$(inherited)",
					"@executable_path/Frameworks",
					"@loader_path/Frameworks",
				);
				PRODUCT_BUNDLE_IDENTIFIER = mx.Fer.ProyectoInglesTests;
				PRODUCT_NAME = "$(TARGET_NAME)";
				SWIFT_VERSION = 4.0;
				TARGETED_DEVICE_FAMILY = "1,2";
				TEST_HOST = "$(BUILT_PRODUCTS_DIR)/ProyectoIngles.app/ProyectoIngles";
			};
			name = Debug;
		};
		3DCF5DAF2315C45000B55EE8 /* Release */ = {
			isa = XCBuildConfiguration;
			buildSettings = {
				ALWAYS_EMBED_SWIFT_STANDARD_LIBRARIES = YES;
				BUNDLE_LOADER = "$(TEST_HOST)";
				CODE_SIGN_STYLE = Automatic;
				INFOPLIST_FILE = ProyectoInglesTests/Info.plist;
				LD_RUNPATH_SEARCH_PATHS = (
					"$(inherited)",
					"@executable_path/Frameworks",
					"@loader_path/Frameworks",
				);
				PRODUCT_BUNDLE_IDENTIFIER = mx.Fer.ProyectoInglesTests;
				PRODUCT_NAME = "$(TARGET_NAME)";
				SWIFT_VERSION = 4.0;
				TARGETED_DEVICE_FAMILY = "1,2";
				TEST_HOST = "$(BUILT_PRODUCTS_DIR)/ProyectoIngles.app/ProyectoIngles";
			};
			name = Release;
		};
		3DCF5DB12315C45000B55EE8 /* Debug */ = {
			isa = XCBuildConfiguration;
			buildSettings = {
				ALWAYS_EMBED_SWIFT_STANDARD_LIBRARIES = YES;
				CODE_SIGN_STYLE = Automatic;
				INFOPLIST_FILE = ProyectoInglesUITests/Info.plist;
				LD_RUNPATH_SEARCH_PATHS = (
					"$(inherited)",
					"@executable_path/Frameworks",
					"@loader_path/Frameworks",
				);
				PRODUCT_BUNDLE_IDENTIFIER = mx.Fer.ProyectoInglesUITests;
				PRODUCT_NAME = "$(TARGET_NAME)";
				SWIFT_VERSION = 4.0;
				TARGETED_DEVICE_FAMILY = "1,2";
				TEST_TARGET_NAME = ProyectoIngles;
			};
			name = Debug;
		};
		3DCF5DB22315C45000B55EE8 /* Release */ = {
			isa = XCBuildConfiguration;
			buildSettings = {
				ALWAYS_EMBED_SWIFT_STANDARD_LIBRARIES = YES;
				CODE_SIGN_STYLE = Automatic;
				INFOPLIST_FILE = ProyectoInglesUITests/Info.plist;
				LD_RUNPATH_SEARCH_PATHS = (
					"$(inherited)",
					"@executable_path/Frameworks",
					"@loader_path/Frameworks",
				);
				PRODUCT_BUNDLE_IDENTIFIER = mx.Fer.ProyectoInglesUITests;
				PRODUCT_NAME = "$(TARGET_NAME)";
				SWIFT_VERSION = 4.0;
				TARGETED_DEVICE_FAMILY = "1,2";
				TEST_TARGET_NAME = ProyectoIngles;
			};
			name = Release;
		};
/* End XCBuildConfiguration section */

/* Begin XCConfigurationList section */
		3DCF5D7D2315C44D00B55EE8 /* Build configuration list for PBXProject "ProyectoIngles" */ = {
			isa = XCConfigurationList;
			buildConfigurations = (
				3DCF5DA82315C45000B55EE8 /* Debug */,
				3DCF5DA92315C45000B55EE8 /* Release */,
			);
			defaultConfigurationIsVisible = 0;
			defaultConfigurationName = Release;
		};
		3DCF5DAA2315C45000B55EE8 /* Build configuration list for PBXNativeTarget "ProyectoIngles" */ = {
			isa = XCConfigurationList;
			buildConfigurations = (
				3DCF5DAB2315C45000B55EE8 /* Debug */,
				3DCF5DAC2315C45000B55EE8 /* Release */,
			);
			defaultConfigurationIsVisible = 0;
			defaultConfigurationName = Release;
		};
		3DCF5DAD2315C45000B55EE8 /* Build configuration list for PBXNativeTarget "ProyectoInglesTests" */ = {
			isa = XCConfigurationList;
			buildConfigurations = (
				3DCF5DAE2315C45000B55EE8 /* Debug */,
				3DCF5DAF2315C45000B55EE8 /* Release */,
			);
			defaultConfigurationIsVisible = 0;
			defaultConfigurationName = Release;
		};
		3DCF5DB02315C45000B55EE8 /* Build configuration list for PBXNativeTarget "ProyectoInglesUITests" */ = {
			isa = XCConfigurationList;
			buildConfigurations = (
				3DCF5DB12315C45000B55EE8 /* Debug */,
				3DCF5DB22315C45000B55EE8 /* Release */,
			);
			defaultConfigurationIsVisible = 0;
			defaultConfigurationName = Release;
		};
/* End XCConfigurationList section */
	};
	rootObject = 3DCF5D7A2315C44D00B55EE8 /* Project object */;
}
